
Microsoft Visual Studio Solution File, Format Version 12.00
# Visual Studio Version 17
VisualStudioVersion = 17.2.32519.379
MinimumVisualStudioVersion = 10.0.40219.1
Project("{FAE04EC0-301F-11D3-BF4B-00C04F79EFBC}") = "HomeWorkMission1", "HomeWorkMission1\HomeWorkMission1.csproj", "{EC3D1D59-21AA-4540-BE95-63DFB9A3BDCC}"
EndProject
Global
	GlobalSection(SolutionConfigurationPlatforms) = preSolution
		Debug|Any CPU = Debug|Any CPU
		Release|Any CPU = Release|Any CPU
	EndGlobalSection
	GlobalSection(ProjectConfigurationPlatforms) = postSolution
		{EC3D1D59-21AA-4540-BE95-63DFB9A3BDCC}.Debug|Any CPU.ActiveCfg = Debug|Any CPU
		{EC3D1D59-21AA-4540-BE95-63DFB9A3BDCC}.Debug|Any CPU.Build.0 = Debug|Any CPU
		{EC3D1D59-21AA-4540-BE95-63DFB9A3BDCC}.Release|Any CPU.ActiveCfg = Release|Any CPU
		{EC3D1D59-21AA-4540-BE95-63DFB9A3BDCC}.Release|Any CPU.Build.0 = Release|Any CPU
	EndGlobalSection
	GlobalSection(SolutionProperties) = preSolution
		HideSolutionNode = FALSE
	EndGlobalSection
	GlobalSection(ExtensibilityGlobals) = postSolution
		SolutionGuid = {3F038CF3-395A-480E-B208-4AAB2260CB4E}
	EndGlobalSection
EndGlobal
